
Microsoft Visual Studio Solution File, Format Version 12.00
# Visual Studio Version 17
VisualStudioVersion = 17.5.33502.453
MinimumVisualStudioVersion = 10.0.40219.1
Project("{9A19103F-16F7-4668-BE54-9A1E7A4F7556}") = "Avenue17", "Avenue17\Avenue17.csproj", "{7E3751F8-6567-43DA-ABF4-68073DFDF2E5}"
EndProject
Global
	GlobalSection(SolutionConfigurationPlatforms) = preSolution
		Debug|Any CPU = Debug|Any CPU
		Release|Any CPU = Release|Any CPU
	EndGlobalSection
	GlobalSection(ProjectConfigurationPlatforms) = postSolution
		{7E3751F8-6567-43DA-ABF4-68073DFDF2E5}.Debug|Any CPU.ActiveCfg = Debug|Any CPU
		{7E3751F8-6567-43DA-ABF4-68073DFDF2E5}.Debug|Any CPU.Build.0 = Debug|Any CPU
		{7E3751F8-6567-43DA-ABF4-68073DFDF2E5}.Release|Any CPU.ActiveCfg = Release|Any CPU
		{7E3751F8-6567-43DA-ABF4-68073DFDF2E5}.Release|Any CPU.Build.0 = Release|Any CPU
	EndGlobalSection
	GlobalSection(SolutionProperties) = preSolution
		HideSolutionNode = FALSE
	EndGlobalSection
	GlobalSection(ExtensibilityGlobals) = postSolution
		SolutionGuid = {C4268962-9EB4-4860-AF08-A67FD7ECC907}
	EndGlobalSection
EndGlobal
